// !$*UTF8*$!
{
	archiveVersion = 1;
	classes = {
	};
	objectVersion = 50;
	objects = {

/* Begin PBXBuildFile section */
		6716C72423E5803400678291 /* LanguageManager.swift in Sources */ = {isa = PBXBuildFile; fileRef = 6716C71423E5803300678291 /* LanguageManager.swift */; };
		6716C72523E5803400678291 /* Localizable.strings in Resources */ = {isa = PBXBuildFile; fileRef = 6716C71623E5803400678291 /* Localizable.strings */; };
		6716C72623E5803400678291 /* Localizable.strings.orig in Resources */ = {isa = PBXBuildFile; fileRef = 6716C71823E5803400678291 /* Localizable.strings.orig */; };
		6716C72723E5803400678291 /* String+LocalizeTableName.swift in Sources */ = {isa = PBXBuildFile; fileRef = 6716C71F23E5803400678291 /* String+LocalizeTableName.swift */; };
		6716C72823E5803400678291 /* Localize.swift in Sources */ = {isa = PBXBuildFile; fileRef = 6716C72023E5803400678291 /* Localize.swift */; };
		6716C72923E5803400678291 /* String+LocalizedBundleTableName.swift.orig in Resources */ = {isa = PBXBuildFile; fileRef = 6716C72123E5803400678291 /* String+LocalizedBundleTableName.swift.orig */; };
		6716C72A23E5803400678291 /* String+LocalizeBundle.swift in Sources */ = {isa = PBXBuildFile; fileRef = 6716C72223E5803400678291 /* String+LocalizeBundle.swift */; };
		6716C72B23E5803400678291 /* String+LocalizedBundleTableName.swift in Sources */ = {isa = PBXBuildFile; fileRef = 6716C72323E5803400678291 /* String+LocalizedBundleTableName.swift */; };
		6716C72D23ED676800678291 /* SecondViewController.swift in Sources */ = {isa = PBXBuildFile; fileRef = 6716C72C23ED676800678291 /* SecondViewController.swift */; };
		67F51C4023E46CA0008E0733 /* AppDelegate.swift in Sources */ = {isa = PBXBuildFile; fileRef = 67F51C3F23E46CA0008E0733 /* AppDelegate.swift */; };
		67F51C4223E46CA0008E0733 /* SceneDelegate.swift in Sources */ = {isa = PBXBuildFile; fileRef = 67F51C4123E46CA0008E0733 /* SceneDelegate.swift */; };
		67F51C4423E46CA0008E0733 /* ViewController.swift in Sources */ = {isa = PBXBuildFile; fileRef = 67F51C4323E46CA0008E0733 /* ViewController.swift */; };
		67F51C4723E46CA0008E0733 /* Main.storyboard in Resources */ = {isa = PBXBuildFile; fileRef = 67F51C4523E46CA0008E0733 /* Main.storyboard */; };
		67F51C4923E46CA2008E0733 /* Assets.xcassets in Resources */ = {isa = PBXBuildFile; fileRef = 67F51C4823E46CA2008E0733 /* Assets.xcassets */; };
		67F51C4C23E46CA2008E0733 /* LaunchScreen.storyboard in Resources */ = {isa = PBXBuildFile; fileRef = 67F51C4A23E46CA2008E0733 /* LaunchScreen.storyboard */; };
		67F51C5723E46CA2008E0733 /* UIAlertControllerExtensionTests.swift in Sources */ = {isa = PBXBuildFile; fileRef = 67F51C5623E46CA2008E0733 /* UIAlertControllerExtensionTests.swift */; };
		67F51C6723E46D71008E0733 /* AlertableProtocol.swift in Sources */ = {isa = PBXBuildFile; fileRef = 67F51C6623E46D71008E0733 /* AlertableProtocol.swift */; };
/* End PBXBuildFile section */

/* Begin PBXContainerItemProxy section */
		67F51C5323E46CA2008E0733 /* PBXContainerItemProxy */ = {
			isa = PBXContainerItemProxy;
			containerPortal = 67F51C3423E46CA0008E0733 /* Project object */;
			proxyType = 1;
			remoteGlobalIDString = 67F51C3B23E46CA0008E0733;
			remoteInfo = UIAlertControllerExtension;
		};
/* End PBXContainerItemProxy section */

/* Begin PBXFileReference section */
		6716C71423E5803300678291 /* LanguageManager.swift */ = {isa = PBXFileReference; fileEncoding = 4; lastKnownFileType = sourcecode.swift; path = LanguageManager.swift; sourceTree = "<group>"; };
		6716C71723E5803400678291 /* he */ = {isa = PBXFileReference; lastKnownFileType = text.plist.strings; name = he; path = he.lproj/Localizable.strings; sourceTree = "<group>"; };
		6716C71923E5803400678291 /* he */ = {isa = PBXFileReference; lastKnownFileType = text; name = he; path = he.lproj/Localizable.strings.orig; sourceTree = "<group>"; };
		6716C71A23E5803400678291 /* en */ = {isa = PBXFileReference; lastKnownFileType = text.plist.strings; name = en; path = en.lproj/Localizable.strings; sourceTree = "<group>"; };
		6716C71B23E5803400678291 /* en */ = {isa = PBXFileReference; lastKnownFileType = text; name = en; path = en.lproj/Localizable.strings.orig; sourceTree = "<group>"; };
		6716C71C23E5803400678291 /* uk */ = {isa = PBXFileReference; lastKnownFileType = text.plist.strings; name = uk; path = uk.lproj/Localizable.strings; sourceTree = "<group>"; };
		6716C71D23E5803400678291 /* uk */ = {isa = PBXFileReference; lastKnownFileType = text; name = uk; path = uk.lproj/Localizable.strings.orig; sourceTree = "<group>"; };
		6716C71F23E5803400678291 /* String+LocalizeTableName.swift */ = {isa = PBXFileReference; fileEncoding = 4; lastKnownFileType = sourcecode.swift; path = "String+LocalizeTableName.swift"; sourceTree = "<group>"; };
		6716C72023E5803400678291 /* Localize.swift */ = {isa = PBXFileReference; fileEncoding = 4; lastKnownFileType = sourcecode.swift; path = Localize.swift; sourceTree = "<group>"; };
		6716C72123E5803400678291 /* String+LocalizedBundleTableName.swift.orig */ = {isa = PBXFileReference; fileEncoding = 4; lastKnownFileType = text; path = "String+LocalizedBundleTableName.swift.orig"; sourceTree = "<group>"; };
		6716C72223E5803400678291 /* String+LocalizeBundle.swift */ = {isa = PBXFileReference; fileEncoding = 4; lastKnownFileType = sourcecode.swift; path = "String+LocalizeBundle.swift"; sourceTree = "<group>"; };
		6716C72323E5803400678291 /* String+LocalizedBundleTableName.swift */ = {isa = PBXFileReference; fileEncoding = 4; lastKnownFileType = sourcecode.swift; path = "String+LocalizedBundleTableName.swift"; sourceTree = "<group>"; };
		6716C72C23ED676800678291 /* SecondViewController.swift */ = {isa = PBXFileReference; lastKnownFileType = sourcecode.swift; path = SecondViewController.swift; sourceTree = "<group>"; };
		67F51C3C23E46CA0008E0733 /* UIAlertControllerExtension.app */ = {isa = PBXFileReference; explicitFileType = wrapper.application; includeInIndex = 0; path = UIAlertControllerExtension.app; sourceTree = BUILT_PRODUCTS_DIR; };
		67F51C3F23E46CA0008E0733 /* AppDelegate.swift */ = {isa = PBXFileReference; lastKnownFileType = sourcecode.swift; path = AppDelegate.swift; sourceTree = "<group>"; };
		67F51C4123E46CA0008E0733 /* SceneDelegate.swift */ = {isa = PBXFileReference; lastKnownFileType = sourcecode.swift; path = SceneDelegate.swift; sourceTree = "<group>"; };
		67F51C4323E46CA0008E0733 /* ViewController.swift */ = {isa = PBXFileReference; lastKnownFileType = sourcecode.swift; path = ViewController.swift; sourceTree = "<group>"; };
		67F51C4623E46CA0008E0733 /* Base */ = {isa = PBXFileReference; lastKnownFileType = file.storyboard; name = Base; path = Base.lproj/Main.storyboard; sourceTree = "<group>"; };
		67F51C4823E46CA2008E0733 /* Assets.xcassets */ = {isa = PBXFileReference; lastKnownFileType = folder.assetcatalog; path = Assets.xcassets; sourceTree = "<group>"; };
		67F51C4B23E46CA2008E0733 /* Base */ = {isa = PBXFileReference; lastKnownFileType = file.storyboard; name = Base; path = Base.lproj/LaunchScreen.storyboard; sourceTree = "<group>"; };
		67F51C4D23E46CA2008E0733 /* Info.plist */ = {isa = PBXFileReference; lastKnownFileType = text.plist.xml; path = Info.plist; sourceTree = "<group>"; };
		67F51C5223E46CA2008E0733 /* UIAlertControllerExtensionTests.xctest */ = {isa = PBXFileReference; explicitFileType = wrapper.cfbundle; includeInIndex = 0; path = UIAlertControllerExtensionTests.xctest; sourceTree = BUILT_PRODUCTS_DIR; };
		67F51C5623E46CA2008E0733 /* UIAlertControllerExtensionTests.swift */ = {isa = PBXFileReference; lastKnownFileType = sourcecode.swift; path = UIAlertControllerExtensionTests.swift; sourceTree = "<group>"; };
		67F51C5823E46CA2008E0733 /* Info.plist */ = {isa = PBXFileReference; lastKnownFileType = text.plist.xml; path = Info.plist; sourceTree = "<group>"; };
		67F51C6623E46D71008E0733 /* AlertableProtocol.swift */ = {isa = PBXFileReference; lastKnownFileType = sourcecode.swift; path = AlertableProtocol.swift; sourceTree = "<group>"; };
/* End PBXFileReference section */

/* Begin PBXFrameworksBuildPhase section */
		67F51C3923E46CA0008E0733 /* Frameworks */ = {
			isa = PBXFrameworksBuildPhase;
			buildActionMask = 2147483647;
			files = (
			);
			runOnlyForDeploymentPostprocessing = 0;
		};
		67F51C4F23E46CA2008E0733 /* Frameworks */ = {
			isa = PBXFrameworksBuildPhase;
			buildActionMask = 2147483647;
			files = (
			);
			runOnlyForDeploymentPostprocessing = 0;
		};
/* End PBXFrameworksBuildPhase section */

/* Begin PBXGroup section */
		6716C71223E5802200678291 /* Libraries */ = {
			isa = PBXGroup;
			children = (
				6716C71323E5803300678291 /* Localization */,
			);
			path = Libraries;
			sourceTree = "<group>";
		};
		6716C71323E5803300678291 /* Localization */ = {
			isa = PBXGroup;
			children = (
				6716C71423E5803300678291 /* LanguageManager.swift */,
				6716C71523E5803300678291 /* Localizations */,
				6716C71E23E5803400678291 /* Localize */,
			);
			path = Localization;
			sourceTree = "<group>";
		};
		6716C71523E5803300678291 /* Localizations */ = {
			isa = PBXGroup;
			children = (
				6716C71623E5803400678291 /* Localizable.strings */,
				6716C71823E5803400678291 /* Localizable.strings.orig */,
			);
			path = Localizations;
			sourceTree = "<group>";
		};
		6716C71E23E5803400678291 /* Localize */ = {
			isa = PBXGroup;
			children = (
				6716C71F23E5803400678291 /* String+LocalizeTableName.swift */,
				6716C72023E5803400678291 /* Localize.swift */,
				6716C72123E5803400678291 /* String+LocalizedBundleTableName.swift.orig */,
				6716C72223E5803400678291 /* String+LocalizeBundle.swift */,
				6716C72323E5803400678291 /* String+LocalizedBundleTableName.swift */,
			);
			path = Localize;
			sourceTree = "<group>";
		};
		67F51C3323E46CA0008E0733 = {
			isa = PBXGroup;
			children = (
				67F51C3E23E46CA0008E0733 /* UIAlertControllerExtension */,
				67F51C5523E46CA2008E0733 /* UIAlertControllerExtensionTests */,
				67F51C3D23E46CA0008E0733 /* Products */,
			);
			sourceTree = "<group>";
		};
		67F51C3D23E46CA0008E0733 /* Products */ = {
			isa = PBXGroup;
			children = (
				67F51C3C23E46CA0008E0733 /* UIAlertControllerExtension.app */,
				67F51C5223E46CA2008E0733 /* UIAlertControllerExtensionTests.xctest */,
			);
			name = Products;
			sourceTree = "<group>";
		};
		67F51C3E23E46CA0008E0733 /* UIAlertControllerExtension */ = {
			isa = PBXGroup;
			children = (
				67F51C6523E46D42008E0733 /* Extension */,
				67F51C6123E46CB1008E0733 /* Application */,
				67F51C6223E46CC8008E0733 /* Storyboard */,
				67F51C6423E46CF6008E0733 /* ViewControllers */,
				6716C71223E5802200678291 /* Libraries */,
				67F51C6323E46CE0008E0733 /* Resources */,
			);
			path = UIAlertControllerExtension;
			sourceTree = "<group>";
		};
		67F51C5523E46CA2008E0733 /* UIAlertControllerExtensionTests */ = {
			isa = PBXGroup;
			children = (
				67F51C5623E46CA2008E0733 /* UIAlertControllerExtensionTests.swift */,
				67F51C5823E46CA2008E0733 /* Info.plist */,
			);
			path = UIAlertControllerExtensionTests;
			sourceTree = "<group>";
		};
		67F51C6123E46CB1008E0733 /* Application */ = {
			isa = PBXGroup;
			children = (
				67F51C3F23E46CA0008E0733 /* AppDelegate.swift */,
				67F51C4123E46CA0008E0733 /* SceneDelegate.swift */,
				67F51C4D23E46CA2008E0733 /* Info.plist */,
			);
			path = Application;
			sourceTree = "<group>";
		};
		67F51C6223E46CC8008E0733 /* Storyboard */ = {
			isa = PBXGroup;
			children = (
				67F51C4523E46CA0008E0733 /* Main.storyboard */,
				67F51C4A23E46CA2008E0733 /* LaunchScreen.storyboard */,
			);
			path = Storyboard;
			sourceTree = "<group>";
		};
		67F51C6323E46CE0008E0733 /* Resources */ = {
			isa = PBXGroup;
			children = (
				67F51C4823E46CA2008E0733 /* Assets.xcassets */,
			);
			path = Resources;
			sourceTree = "<group>";
		};
		67F51C6423E46CF6008E0733 /* ViewControllers */ = {
			isa = PBXGroup;
			children = (
				67F51C4323E46CA0008E0733 /* ViewController.swift */,
				6716C72C23ED676800678291 /* SecondViewController.swift */,
			);
			path = ViewControllers;
			sourceTree = "<group>";
		};
		67F51C6523E46D42008E0733 /* Extension */ = {
			isa = PBXGroup;
			children = (
				67F51C6623E46D71008E0733 /* AlertableProtocol.swift */,
			);
			path = Extension;
			sourceTree = "<group>";
		};
/* End PBXGroup section */

/* Begin PBXNativeTarget section */
		67F51C3B23E46CA0008E0733 /* UIAlertControllerExtension */ = {
			isa = PBXNativeTarget;
			buildConfigurationList = 67F51C5B23E46CA3008E0733 /* Build configuration list for PBXNativeTarget "UIAlertControllerExtension" */;
			buildPhases = (
				67F51C3823E46CA0008E0733 /* Sources */,
				67F51C3923E46CA0008E0733 /* Frameworks */,
				67F51C3A23E46CA0008E0733 /* Resources */,
			);
			buildRules = (
			);
			dependencies = (
			);
			name = UIAlertControllerExtension;
			productName = UIAlertControllerExtension;
			productReference = 67F51C3C23E46CA0008E0733 /* UIAlertControllerExtension.app */;
			productType = "com.apple.product-type.application";
		};
		67F51C5123E46CA2008E0733 /* UIAlertControllerExtensionTests */ = {
			isa = PBXNativeTarget;
			buildConfigurationList = 67F51C5E23E46CA3008E0733 /* Build configuration list for PBXNativeTarget "UIAlertControllerExtensionTests" */;
			buildPhases = (
				67F51C4E23E46CA2008E0733 /* Sources */,
				67F51C4F23E46CA2008E0733 /* Frameworks */,
				67F51C5023E46CA2008E0733 /* Resources */,
			);
			buildRules = (
			);
			dependencies = (
				67F51C5423E46CA2008E0733 /* PBXTargetDependency */,
			);
			name = UIAlertControllerExtensionTests;
			productName = UIAlertControllerExtensionTests;
			productReference = 67F51C5223E46CA2008E0733 /* UIAlertControllerExtensionTests.xctest */;
			productType = "com.apple.product-type.bundle.unit-test";
		};
/* End PBXNativeTarget section */

/* Begin PBXProject section */
		67F51C3423E46CA0008E0733 /* Project object */ = {
			isa = PBXProject;
			attributes = {
				LastSwiftUpdateCheck = 1130;
				LastUpgradeCheck = 1130;
				ORGANIZATIONNAME = "Sergey Krasiuk";
				TargetAttributes = {
					67F51C3B23E46CA0008E0733 = {
						CreatedOnToolsVersion = 11.3;
					};
					67F51C5123E46CA2008E0733 = {
						CreatedOnToolsVersion = 11.3;
						TestTargetID = 67F51C3B23E46CA0008E0733;
					};
				};
			};
			buildConfigurationList = 67F51C3723E46CA0008E0733 /* Build configuration list for PBXProject "UIAlertControllerExtension" */;
			compatibilityVersion = "Xcode 9.3";
			developmentRegion = en;
			hasScannedForEncodings = 0;
			knownRegions = (
				en,
				Base,
				he,
				uk,
			);
			mainGroup = 67F51C3323E46CA0008E0733;
			productRefGroup = 67F51C3D23E46CA0008E0733 /* Products */;
			projectDirPath = "";
			projectRoot = "";
			targets = (
				67F51C3B23E46CA0008E0733 /* UIAlertControllerExtension */,
				67F51C5123E46CA2008E0733 /* UIAlertControllerExtensionTests */,
			);
		};
/* End PBXProject section */

/* Begin PBXResourcesBuildPhase section */
		67F51C3A23E46CA0008E0733 /* Resources */ = {
			isa = PBXResourcesBuildPhase;
			buildActionMask = 2147483647;
			files = (
				6716C72923E5803400678291 /* String+LocalizedBundleTableName.swift.orig in Resources */,
				67F51C4C23E46CA2008E0733 /* LaunchScreen.storyboard in Resources */,
				6716C72523E5803400678291 /* Localizable.strings in Resources */,
				67F51C4923E46CA2008E0733 /* Assets.xcassets in Resources */,
				67F51C4723E46CA0008E0733 /* Main.storyboard in Resources */,
				6716C72623E5803400678291 /* Localizable.strings.orig in Resources */,
			);
			runOnlyForDeploymentPostprocessing = 0;
		};
		67F51C5023E46CA2008E0733 /* Resources */ = {
			isa = PBXResourcesBuildPhase;
			buildActionMask = 2147483647;
			files = (
			);
			runOnlyForDeploymentPostprocessing = 0;
		};
/* End PBXResourcesBuildPhase section */

/* Begin PBXSourcesBuildPhase section */
		67F51C3823E46CA0008E0733 /* Sources */ = {
			isa = PBXSourcesBuildPhase;
			buildActionMask = 2147483647;
			files = (
				67F51C6723E46D71008E0733 /* AlertableProtocol.swift in Sources */,
				67F51C4423E46CA0008E0733 /* ViewController.swift in Sources */,
				6716C72B23E5803400678291 /* String+LocalizedBundleTableName.swift in Sources */,
				67F51C4023E46CA0008E0733 /* AppDelegate.swift in Sources */,
				67F51C4223E46CA0008E0733 /* SceneDelegate.swift in Sources */,
				6716C72423E5803400678291 /* LanguageManager.swift in Sources */,
				6716C72A23E5803400678291 /* String+LocalizeBundle.swift in Sources */,
				6716C72723E5803400678291 /* String+LocalizeTableName.swift in Sources */,
				6716C72D23ED676800678291 /* SecondViewController.swift in Sources */,
				6716C72823E5803400678291 /* Localize.swift in Sources */,
			);
			runOnlyForDeploymentPostprocessing = 0;
		};
		67F51C4E23E46CA2008E0733 /* Sources */ = {
			isa = PBXSourcesBuildPhase;
			buildActionMask = 2147483647;
			files = (
				67F51C5723E46CA2008E0733 /* UIAlertControllerExtensionTests.swift in Sources */,
			);
			runOnlyForDeploymentPostprocessing = 0;
		};
/* End PBXSourcesBuildPhase section */

/* Begin PBXTargetDependency section */
		67F51C5423E46CA2008E0733 /* PBXTargetDependency */ = {
			isa = PBXTargetDependency;
			target = 67F51C3B23E46CA0008E0733 /* UIAlertControllerExtension */;
			targetProxy = 67F51C5323E46CA2008E0733 /* PBXContainerItemProxy */;
		};
/* End PBXTargetDependency section */

/* Begin PBXVariantGroup section */
		6716C71623E5803400678291 /* Localizable.strings */ = {
			isa = PBXVariantGroup;
			children = (
				6716C71723E5803400678291 /* he */,
				6716C71A23E5803400678291 /* en */,
				6716C71C23E5803400678291 /* uk */,
			);
			name = Localizable.strings;
			sourceTree = "<group>";
		};
		6716C71823E5803400678291 /* Localizable.strings.orig */ = {
			isa = PBXVariantGroup;
			children = (
				6716C71923E5803400678291 /* he */,
				6716C71B23E5803400678291 /* en */,
				6716C71D23E5803400678291 /* uk */,
			);
			name = Localizable.strings.orig;
			sourceTree = "<group>";
		};
		67F51C4523E46CA0008E0733 /* Main.storyboard */ = {
			isa = PBXVariantGroup;
			children = (
				67F51C4623E46CA0008E0733 /* Base */,
			);
			name = Main.storyboard;
			sourceTree = "<group>";
		};
		67F51C4A23E46CA2008E0733 /* LaunchScreen.storyboard */ = {
			isa = PBXVariantGroup;
			children = (
				67F51C4B23E46CA2008E0733 /* Base */,
			);
			name = LaunchScreen.storyboard;
			sourceTree = "<group>";
		};
/* End PBXVariantGroup section */

/* Begin XCBuildConfiguration section */
		67F51C5923E46CA3008E0733 /* Debug */ = {
			isa = XCBuildConfiguration;
			buildSettings = {
				ALWAYS_SEARCH_USER_PATHS = NO;
				CLANG_ANALYZER_NONNULL = YES;
				CLANG_ANALYZER_NUMBER_OBJECT_CONVERSION = YES_AGGRESSIVE;
				CLANG_CXX_LANGUAGE_STANDARD = "gnu++14";
				CLANG_CXX_LIBRARY = "libc++";
				CLANG_ENABLE_MODULES = YES;
				CLANG_ENABLE_OBJC_ARC = YES;
				CLANG_ENABLE_OBJC_WEAK = YES;
				CLANG_WARN_BLOCK_CAPTURE_AUTORELEASING = YES;
				CLANG_WARN_BOOL_CONVERSION = YES;
				CLANG_WARN_COMMA = YES;
				CLANG_WARN_CONSTANT_CONVERSION = YES;
				CLANG_WARN_DEPRECATED_OBJC_IMPLEMENTATIONS = YES;
				CLANG_WARN_DIRECT_OBJC_ISA_USAGE = YES_ERROR;
				CLANG_WARN_DOCUMENTATION_COMMENTS = YES;
				CLANG_WARN_EMPTY_BODY = YES;
				CLANG_WARN_ENUM_CONVERSION = YES;
				CLANG_WARN_INFINITE_RECURSION = YES;
				CLANG_WARN_INT_CONVERSION = YES;
				CLANG_WARN_NON_LITERAL_NULL_CONVERSION = YES;
				CLANG_WARN_OBJC_IMPLICIT_RETAIN_SELF = YES;
				CLANG_WARN_OBJC_LITERAL_CONVERSION = YES;
				CLANG_WARN_OBJC_ROOT_CLASS = YES_ERROR;
				CLANG_WARN_RANGE_LOOP_ANALYSIS = YES;
				CLANG_WARN_STRICT_PROTOTYPES = YES;
				CLANG_WARN_SUSPICIOUS_MOVE = YES;
				CLANG_WARN_UNGUARDED_AVAILABILITY = YES_AGGRESSIVE;
				CLANG_WARN_UNREACHABLE_CODE = YES;
				CLANG_WARN__DUPLICATE_METHOD_MATCH = YES;
				COPY_PHASE_STRIP = NO;
				DEBUG_INFORMATION_FORMAT = dwarf;
				ENABLE_STRICT_OBJC_MSGSEND = YES;
				ENABLE_TESTABILITY = YES;
				GCC_C_LANGUAGE_STANDARD = gnu11;
				GCC_DYNAMIC_NO_PIC = NO;
				GCC_NO_COMMON_BLOCKS = YES;
				GCC_OPTIMIZATION_LEVEL = 0;
				GCC_PREPROCESSOR_DEFINITIONS = (
					"DEBUG=1",
					"$(inherited)",
				);
				GCC_WARN_64_TO_32_BIT_CONVERSION = YES;
				GCC_WARN_ABOUT_RETURN_TYPE = YES_ERROR;
				GCC_WARN_UNDECLARED_SELECTOR = YES;
				GCC_WARN_UNINITIALIZED_AUTOS = YES_AGGRESSIVE;
				GCC_WARN_UNUSED_FUNCTION = YES;
				GCC_WARN_UNUSED_VARIABLE = YES;
				IPHONEOS_DEPLOYMENT_TARGET = 13.2;
				MTL_ENABLE_DEBUG_INFO = INCLUDE_SOURCE;
				MTL_FAST_MATH = YES;
				ONLY_ACTIVE_ARCH = YES;
				SDKROOT = iphoneos;
				SWIFT_ACTIVE_COMPILATION_CONDITIONS = DEBUG;
				SWIFT_OPTIMIZATION_LEVEL = "-Onone";
			};
			name = Debug;
		};
		67F51C5A23E46CA3008E0733 /* Release */ = {
			isa = XCBuildConfiguration;
			buildSettings = {
				ALWAYS_SEARCH_USER_PATHS = NO;
				CLANG_ANALYZER_NONNULL = YES;
				CLANG_ANALYZER_NUMBER_OBJECT_CONVERSION = YES_AGGRESSIVE;
				CLANG_CXX_LANGUAGE_STANDARD = "gnu++14";
				CLANG_CXX_LIBRARY = "libc++";
				CLANG_ENABLE_MODULES = YES;
				CLANG_ENABLE_OBJC_ARC = YES;
				CLANG_ENABLE_OBJC_WEAK = YES;
				CLANG_WARN_BLOCK_CAPTURE_AUTORELEASING = YES;
				CLANG_WARN_BOOL_CONVERSION = YES;
				CLANG_WARN_COMMA = YES;
				CLANG_WARN_CONSTANT_CONVERSION = YES;
				CLANG_WARN_DEPRECATED_OBJC_IMPLEMENTATIONS = YES;
				CLANG_WARN_DIRECT_OBJC_ISA_USAGE = YES_ERROR;
				CLANG_WARN_DOCUMENTATION_COMMENTS = YES;
				CLANG_WARN_EMPTY_BODY = YES;
				CLANG_WARN_ENUM_CONVERSION = YES;
				CLANG_WARN_INFINITE_RECURSION = YES;
				CLANG_WARN_INT_CONVERSION = YES;
				CLANG_WARN_NON_LITERAL_NULL_CONVERSION = YES;
				CLANG_WARN_OBJC_IMPLICIT_RETAIN_SELF = YES;
				CLANG_WARN_OBJC_LITERAL_CONVERSION = YES;
				CLANG_WARN_OBJC_ROOT_CLASS = YES_ERROR;
				CLANG_WARN_RANGE_LOOP_ANALYSIS = YES;
				CLANG_WARN_STRICT_PROTOTYPES = YES;
				CLANG_WARN_SUSPICIOUS_MOVE = YES;
				CLANG_WARN_UNGUARDED_AVAILABILITY = YES_AGGRESSIVE;
				CLANG_WARN_UNREACHABLE_CODE = YES;
				CLANG_WARN__DUPLICATE_METHOD_MATCH = YES;
				COPY_PHASE_STRIP = NO;
				DEBUG_INFORMATION_FORMAT = "dwarf-with-dsym";
				ENABLE_NS_ASSERTIONS = NO;
				ENABLE_STRICT_OBJC_MSGSEND = YES;
				GCC_C_LANGUAGE_STANDARD = gnu11;
				GCC_NO_COMMON_BLOCKS = YES;
				GCC_WARN_64_TO_32_BIT_CONVERSION = YES;
				GCC_WARN_ABOUT_RETURN_TYPE = YES_ERROR;
				GCC_WARN_UNDECLARED_SELECTOR = YES;
				GCC_WARN_UNINITIALIZED_AUTOS = YES_AGGRESSIVE;
				GCC_WARN_UNUSED_FUNCTION = YES;
				GCC_WARN_UNUSED_VARIABLE = YES;
				IPHONEOS_DEPLOYMENT_TARGET = 13.2;
				MTL_ENABLE_DEBUG_INFO = NO;
				MTL_FAST_MATH = YES;
				SDKROOT = iphoneos;
				SWIFT_COMPILATION_MODE = wholemodule;
				SWIFT_OPTIMIZATION_LEVEL = "-O";
				VALIDATE_PRODUCT = YES;
			};
			name = Release;
		};
		67F51C5C23E46CA3008E0733 /* Debug */ = {
			isa = XCBuildConfiguration;
			buildSettings = {
				ASSETCATALOG_COMPILER_APPICON_NAME = AppIcon;
				CODE_SIGN_ENTITLEMENTS = UIAlertControllerExtension/UIAlertControllerExtension.entitlements;
				CODE_SIGN_STYLE = Automatic;
				DEVELOPMENT_TEAM = 2K3J9PFDL3;
				INFOPLIST_FILE = UIAlertControllerExtension/Application/Info.plist;
				LD_RUNPATH_SEARCH_PATHS = (
					"$(inherited)",
					"@executable_path/Frameworks",
				);
				PRODUCT_BUNDLE_IDENTIFIER = KRASIUK.UIAlertControllerExtension;
				PRODUCT_NAME = "$(TARGET_NAME)";
				SWIFT_VERSION = 5.0;
				TARGETED_DEVICE_FAMILY = "1,2";
			};
			name = Debug;
		};
		67F51C5D23E46CA3008E0733 /* Release */ = {
			isa = XCBuildConfiguration;
			buildSettings = {
				ASSETCATALOG_COMPILER_APPICON_NAME = AppIcon;
				CODE_SIGN_ENTITLEMENTS = UIAlertControllerExtension/UIAlertControllerExtension.entitlements;
				CODE_SIGN_STYLE = Automatic;
				DEVELOPMENT_TEAM = 2K3J9PFDL3;
				INFOPLIST_FILE = UIAlertControllerExtension/Application/Info.plist;
				LD_RUNPATH_SEARCH_PATHS = (
					"$(inherited)",
					"@executable_path/Frameworks",
				);
				PRODUCT_BUNDLE_IDENTIFIER = KRASIUK.UIAlertControllerExtension;
				PRODUCT_NAME = "$(TARGET_NAME)";
				SWIFT_VERSION = 5.0;
				TARGETED_DEVICE_FAMILY = "1,2";
			};
			name = Release;
		};
		67F51C5F23E46CA3008E0733 /* Debug */ = {
			isa = XCBuildConfiguration;
			buildSettings = {
				ALWAYS_EMBED_SWIFT_STANDARD_LIBRARIES = YES;
				BUNDLE_LOADER = "$(TEST_HOST)";
				CODE_SIGN_STYLE = Automatic;
				DEVELOPMENT_TEAM = 2K3J9PFDL3;
				INFOPLIST_FILE = UIAlertControllerExtensionTests/Info.plist;
				IPHONEOS_DEPLOYMENT_TARGET = 13.2;
				LD_RUNPATH_SEARCH_PATHS = (
					"$(inherited)",
					"@executable_path/Frameworks",
					"@loader_path/Frameworks",
				);
				PRODUCT_BUNDLE_IDENTIFIER = KRASIUK.UIAlertControllerExtensionTests;
				PRODUCT_NAME = "$(TARGET_NAME)";
				SWIFT_VERSION = 5.0;
				TARGETED_DEVICE_FAMILY = "1,2";
				TEST_HOST = "$(BUILT_PRODUCTS_DIR)/UIAlertControllerExtension.app/UIAlertControllerExtension";
			};
			name = Debug;
		};
		67F51C6023E46CA3008E0733 /* Release */ = {
			isa = XCBuildConfiguration;
			buildSettings = {
				ALWAYS_EMBED_SWIFT_STANDARD_LIBRARIES = YES;
				BUNDLE_LOADER = "$(TEST_HOST)";
				CODE_SIGN_STYLE = Automatic;
				DEVELOPMENT_TEAM = 2K3J9PFDL3;
				INFOPLIST_FILE = UIAlertControllerExtensionTests/Info.plist;
				IPHONEOS_DEPLOYMENT_TARGET = 13.2;
				LD_RUNPATH_SEARCH_PATHS = (
					"$(inherited)",
					"@executable_path/Frameworks",
					"@loader_path/Frameworks",
				);
				PRODUCT_BUNDLE_IDENTIFIER = KRASIUK.UIAlertControllerExtensionTests;
				PRODUCT_NAME = "$(TARGET_NAME)";
				SWIFT_VERSION = 5.0;
				TARGETED_DEVICE_FAMILY = "1,2";
				TEST_HOST = "$(BUILT_PRODUCTS_DIR)/UIAlertControllerExtension.app/UIAlertControllerExtension";
			};
			name = Release;
		};
/* End XCBuildConfiguration section */

/* Begin XCConfigurationList section */
		67F51C3723E46CA0008E0733 /* Build configuration list for PBXProject "UIAlertControllerExtension" */ = {
			isa = XCConfigurationList;
			buildConfigurations = (
				67F51C5923E46CA3008E0733 /* Debug */,
				67F51C5A23E46CA3008E0733 /* Release */,
			);
			defaultConfigurationIsVisible = 0;
			defaultConfigurationName = Release;
		};
		67F51C5B23E46CA3008E0733 /* Build configuration list for PBXNativeTarget "UIAlertControllerExtension" */ = {
			isa = XCConfigurationList;
			buildConfigurations = (
				67F51C5C23E46CA3008E0733 /* Debug */,
				67F51C5D23E46CA3008E0733 /* Release */,
			);
			defaultConfigurationIsVisible = 0;
			defaultConfigurationName = Release;
		};
		67F51C5E23E46CA3008E0733 /* Build configuration list for PBXNativeTarget "UIAlertControllerExtensionTests" */ = {
			isa = XCConfigurationList;
			buildConfigurations = (
				67F51C5F23E46CA3008E0733 /* Debug */,
				67F51C6023E46CA3008E0733 /* Release */,
			);
			defaultConfigurationIsVisible = 0;
			defaultConfigurationName = Release;
		};
/* End XCConfigurationList section */
	};
	rootObject = 67F51C3423E46CA0008E0733 /* Project object */;
}
